// !$*UTF8*$!
{
	archiveVersion = 1;
	classes = {
	};
	objectVersion = 56;
	objects = {

/* Begin PBXBuildFile section */
		E526DD492BF1ED010005447F /* AppDelegate.swift in Sources */ = {isa = PBXBuildFile; fileRef = E526DD482BF1ED010005447F /* AppDelegate.swift */; };
		E526DD4D2BF1ED010005447F /* ListViewController.swift in Sources */ = {isa = PBXBuildFile; fileRef = E526DD4C2BF1ED010005447F /* ListViewController.swift */; };
		E526DD522BF1ED030005447F /* Assets.xcassets in Resources */ = {isa = PBXBuildFile; fileRef = E526DD512BF1ED030005447F /* Assets.xcassets */; };
		E526DD552BF1ED030005447F /* LaunchScreen.storyboard in Resources */ = {isa = PBXBuildFile; fileRef = E526DD532BF1ED030005447F /* LaunchScreen.storyboard */; };
		E59D59E82BF3321E004D1CDD /* ListTableViewCell.swift in Sources */ = {isa = PBXBuildFile; fileRef = E59D59E72BF3321E004D1CDD /* ListTableViewCell.swift */; };
		E59D59EA2BF348CE004D1CDD /* PostInfo.swift in Sources */ = {isa = PBXBuildFile; fileRef = E59D59E92BF348CE004D1CDD /* PostInfo.swift */; };
		E59D59EC2BF4A1A3004D1CDD /* PostViewController.swift in Sources */ = {isa = PBXBuildFile; fileRef = E59D59EB2BF4A1A3004D1CDD /* PostViewController.swift */; };
		E59D59EE2BF4A1F0004D1CDD /* EmptyView.swift in Sources */ = {isa = PBXBuildFile; fileRef = E59D59ED2BF4A1F0004D1CDD /* EmptyView.swift */; };
		E5F766EC2BF8EB8800B287E9 /* debug.xcconfig in Resources */ = {isa = PBXBuildFile; fileRef = E5F766EB2BF8EB8800B287E9 /* debug.xcconfig */; };
		FF1C3874FB217B1E9443A36B /* Pods_PhotoDiary.framework in Frameworks */ = {isa = PBXBuildFile; fileRef = C37DFEDE2597015728FFBBA6 /* Pods_PhotoDiary.framework */; };
/* End PBXBuildFile section */

/* Begin PBXFileReference section */
		09CFBD8C7686D6DAE171A23B /* Pods-PhotoDiary.debug.xcconfig */ = {isa = PBXFileReference; includeInIndex = 1; lastKnownFileType = text.xcconfig; name = "Pods-PhotoDiary.debug.xcconfig"; path = "Target Support Files/Pods-PhotoDiary/Pods-PhotoDiary.debug.xcconfig"; sourceTree = "<group>"; };
		47B9C2AB97E8B727FA5E9154 /* Pods-PhotoDiary.release.xcconfig */ = {isa = PBXFileReference; includeInIndex = 1; lastKnownFileType = text.xcconfig; name = "Pods-PhotoDiary.release.xcconfig"; path = "Target Support Files/Pods-PhotoDiary/Pods-PhotoDiary.release.xcconfig"; sourceTree = "<group>"; };
		C37DFEDE2597015728FFBBA6 /* Pods_PhotoDiary.framework */ = {isa = PBXFileReference; explicitFileType = wrapper.framework; includeInIndex = 0; path = Pods_PhotoDiary.framework; sourceTree = BUILT_PRODUCTS_DIR; };
		E526DD452BF1ED010005447F /* PhotoDiary.app */ = {isa = PBXFileReference; explicitFileType = wrapper.application; includeInIndex = 0; path = PhotoDiary.app; sourceTree = BUILT_PRODUCTS_DIR; };
		E526DD482BF1ED010005447F /* AppDelegate.swift */ = {isa = PBXFileReference; lastKnownFileType = sourcecode.swift; path = AppDelegate.swift; sourceTree = "<group>"; };
		E526DD4C2BF1ED010005447F /* ListViewController.swift */ = {isa = PBXFileReference; lastKnownFileType = sourcecode.swift; path = ListViewController.swift; sourceTree = "<group>"; };
		E526DD512BF1ED030005447F /* Assets.xcassets */ = {isa = PBXFileReference; lastKnownFileType = folder.assetcatalog; path = Assets.xcassets; sourceTree = "<group>"; };
		E526DD542BF1ED030005447F /* Base */ = {isa = PBXFileReference; lastKnownFileType = file.storyboard; name = Base; path = Base.lproj/LaunchScreen.storyboard; sourceTree = "<group>"; };
		E526DD562BF1ED030005447F /* Info.plist */ = {isa = PBXFileReference; lastKnownFileType = text.plist.xml; path = Info.plist; sourceTree = "<group>"; };
		E59D59E72BF3321E004D1CDD /* ListTableViewCell.swift */ = {isa = PBXFileReference; lastKnownFileType = sourcecode.swift; path = ListTableViewCell.swift; sourceTree = "<group>"; };
		E59D59E92BF348CE004D1CDD /* PostInfo.swift */ = {isa = PBXFileReference; lastKnownFileType = sourcecode.swift; path = PostInfo.swift; sourceTree = "<group>"; };
		E59D59EB2BF4A1A3004D1CDD /* PostViewController.swift */ = {isa = PBXFileReference; lastKnownFileType = sourcecode.swift; path = PostViewController.swift; sourceTree = "<group>"; };
		E59D59ED2BF4A1F0004D1CDD /* EmptyView.swift */ = {isa = PBXFileReference; lastKnownFileType = sourcecode.swift; path = EmptyView.swift; sourceTree = "<group>"; };
		E5F766EB2BF8EB8800B287E9 /* debug.xcconfig */ = {isa = PBXFileReference; lastKnownFileType = text.xcconfig; path = debug.xcconfig; sourceTree = "<group>"; };
/* End PBXFileReference section */

/* Begin PBXFrameworksBuildPhase section */
		E526DD422BF1ED010005447F /* Frameworks */ = {
			isa = PBXFrameworksBuildPhase;
			buildActionMask = 2147483647;
			files = (
				FF1C3874FB217B1E9443A36B /* Pods_PhotoDiary.framework in Frameworks */,
			);
			runOnlyForDeploymentPostprocessing = 0;
		};
/* End PBXFrameworksBuildPhase section */

/* Begin PBXGroup section */
		348ACB78CCC4FB8BA015583E /* Frameworks */ = {
			isa = PBXGroup;
			children = (
				C37DFEDE2597015728FFBBA6 /* Pods_PhotoDiary.framework */,
			);
			name = Frameworks;
			sourceTree = "<group>";
		};
		8E483B7F766BD20DC5FC3423 /* Pods */ = {
			isa = PBXGroup;
			children = (
				09CFBD8C7686D6DAE171A23B /* Pods-PhotoDiary.debug.xcconfig */,
				47B9C2AB97E8B727FA5E9154 /* Pods-PhotoDiary.release.xcconfig */,
			);
			path = Pods;
			sourceTree = "<group>";
		};
		E526DD3C2BF1ED010005447F = {
			isa = PBXGroup;
			children = (
				E5F766E92BF74F3300B287E9 /* config */,
				E526DD472BF1ED010005447F /* PhotoDiary */,
				E526DD462BF1ED010005447F /* Products */,
				8E483B7F766BD20DC5FC3423 /* Pods */,
				348ACB78CCC4FB8BA015583E /* Frameworks */,
			);
			sourceTree = "<group>";
		};
		E526DD462BF1ED010005447F /* Products */ = {
			isa = PBXGroup;
			children = (
				E526DD452BF1ED010005447F /* PhotoDiary.app */,
			);
			name = Products;
			sourceTree = "<group>";
		};
		E526DD472BF1ED010005447F /* PhotoDiary */ = {
			isa = PBXGroup;
			children = (
				E526DD482BF1ED010005447F /* AppDelegate.swift */,
				E526DD4C2BF1ED010005447F /* ListViewController.swift */,
				E59D59EB2BF4A1A3004D1CDD /* PostViewController.swift */,
				E59D59ED2BF4A1F0004D1CDD /* EmptyView.swift */,
				E59D59E72BF3321E004D1CDD /* ListTableViewCell.swift */,
				E526DD512BF1ED030005447F /* Assets.xcassets */,
				E526DD532BF1ED030005447F /* LaunchScreen.storyboard */,
				E526DD562BF1ED030005447F /* Info.plist */,
				E59D59E92BF348CE004D1CDD /* PostInfo.swift */,
			);
			path = PhotoDiary;
			sourceTree = "<group>";
		};
		E5F766E92BF74F3300B287E9 /* config */ = {
			isa = PBXGroup;
			children = (
				E5F766EB2BF8EB8800B287E9 /* debug.xcconfig */,
			);
			path = config;
			sourceTree = "<group>";
		};
/* End PBXGroup section */

/* Begin PBXNativeTarget section */
		E526DD442BF1ED010005447F /* PhotoDiary */ = {
			isa = PBXNativeTarget;
			buildConfigurationList = E526DD592BF1ED030005447F /* Build configuration list for PBXNativeTarget "PhotoDiary" */;
			buildPhases = (
				7B71DD22BA16259414FC6604 /* [CP] Check Pods Manifest.lock */,
				E526DD412BF1ED010005447F /* Sources */,
				E526DD422BF1ED010005447F /* Frameworks */,
				E526DD432BF1ED010005447F /* Resources */,
				610813B1D37663959E08910C /* [CP] Embed Pods Frameworks */,
			);
			buildRules = (
			);
			dependencies = (
			);
			name = PhotoDiary;
			productName = PhotoDiary;
			productReference = E526DD452BF1ED010005447F /* PhotoDiary.app */;
			productType = "com.apple.product-type.application";
		};
/* End PBXNativeTarget section */

/* Begin PBXProject section */
		E526DD3D2BF1ED010005447F /* Project object */ = {
			isa = PBXProject;
			attributes = {
				BuildIndependentTargetsInParallel = 1;
				LastSwiftUpdateCheck = 1430;
				LastUpgradeCheck = 1430;
				TargetAttributes = {
					E526DD442BF1ED010005447F = {
						CreatedOnToolsVersion = 14.3.1;
					};
				};
			};
			buildConfigurationList = E526DD402BF1ED010005447F /* Build configuration list for PBXProject "PhotoDiary" */;
			compatibilityVersion = "Xcode 14.0";
			developmentRegion = en;
			hasScannedForEncodings = 0;
			knownRegions = (
				en,
				Base,
			);
			mainGroup = E526DD3C2BF1ED010005447F;
			productRefGroup = E526DD462BF1ED010005447F /* Products */;
			projectDirPath = "";
			projectRoot = "";
			targets = (
				E526DD442BF1ED010005447F /* PhotoDiary */,
			);
		};
/* End PBXProject section */

/* Begin PBXResourcesBuildPhase section */
		E526DD432BF1ED010005447F /* Resources */ = {
			isa = PBXResourcesBuildPhase;
			buildActionMask = 2147483647;
			files = (
				E526DD552BF1ED030005447F /* LaunchScreen.storyboard in Resources */,
				E5F766EC2BF8EB8800B287E9 /* debug.xcconfig in Resources */,
				E526DD522BF1ED030005447F /* Assets.xcassets in Resources */,
			);
			runOnlyForDeploymentPostprocessing = 0;
		};
/* End PBXResourcesBuildPhase section */

/* Begin PBXShellScriptBuildPhase section */
		610813B1D37663959E08910C /* [CP] Embed Pods Frameworks */ = {
			isa = PBXShellScriptBuildPhase;
			buildActionMask = 2147483647;
			files = (
			);
			inputFileListPaths = (
				"${PODS_ROOT}/Target Support Files/Pods-PhotoDiary/Pods-PhotoDiary-frameworks-${CONFIGURATION}-input-files.xcfilelist",
			);
			name = "[CP] Embed Pods Frameworks";
			outputFileListPaths = (
				"${PODS_ROOT}/Target Support Files/Pods-PhotoDiary/Pods-PhotoDiary-frameworks-${CONFIGURATION}-output-files.xcfilelist",
			);
			runOnlyForDeploymentPostprocessing = 0;
			shellPath = /bin/sh;
			shellScript = "\"${PODS_ROOT}/Target Support Files/Pods-PhotoDiary/Pods-PhotoDiary-frameworks.sh\"\n";
			showEnvVarsInLog = 0;
		};
		7B71DD22BA16259414FC6604 /* [CP] Check Pods Manifest.lock */ = {
			isa = PBXShellScriptBuildPhase;
			buildActionMask = 2147483647;
			files = (
			);
			inputFileListPaths = (
			);
			inputPaths = (
				"${PODS_PODFILE_DIR_PATH}/Podfile.lock",
				"${PODS_ROOT}/Manifest.lock",
			);
			name = "[CP] Check Pods Manifest.lock";
			outputFileListPaths = (
			);
			outputPaths = (
				"$(DERIVED_FILE_DIR)/Pods-PhotoDiary-checkManifestLockResult.txt",
			);
			runOnlyForDeploymentPostprocessing = 0;
			shellPath = /bin/sh;
			shellScript = "diff \"${PODS_PODFILE_DIR_PATH}/Podfile.lock\" \"${PODS_ROOT}/Manifest.lock\" > /dev/null\nif [ $? != 0 ] ; then\n    # print error to STDERR\n    echo \"error: The sandbox is not in sync with the Podfile.lock. Run 'pod install' or update your CocoaPods installation.\" >&2\n    exit 1\nfi\n# This output is used by Xcode 'outputs' to avoid re-running this script phase.\necho \"SUCCESS\" > \"${SCRIPT_OUTPUT_FILE_0}\"\n";
			showEnvVarsInLog = 0;
		};
/* End PBXShellScriptBuildPhase section */

/* Begin PBXSourcesBuildPhase section */
		E526DD412BF1ED010005447F /* Sources */ = {
			isa = PBXSourcesBuildPhase;
			buildActionMask = 2147483647;
			files = (
				E526DD4D2BF1ED010005447F /* ListViewController.swift in Sources */,
				E526DD492BF1ED010005447F /* AppDelegate.swift in Sources */,
				E59D59E82BF3321E004D1CDD /* ListTableViewCell.swift in Sources */,
				E59D59EA2BF348CE004D1CDD /* PostInfo.swift in Sources */,
				E59D59EE2BF4A1F0004D1CDD /* EmptyView.swift in Sources */,
				E59D59EC2BF4A1A3004D1CDD /* PostViewController.swift in Sources */,
			);
			runOnlyForDeploymentPostprocessing = 0;
		};
/* End PBXSourcesBuildPhase section */

/* Begin PBXVariantGroup section */
		E526DD532BF1ED030005447F /* LaunchScreen.storyboard */ = {
			isa = PBXVariantGroup;
			children = (
				E526DD542BF1ED030005447F /* Base */,
			);
			name = LaunchScreen.storyboard;
			sourceTree = "<group>";
		};
/* End PBXVariantGroup section */

/* Begin XCBuildConfiguration section */
		E526DD572BF1ED030005447F /* Debug */ = {
			isa = XCBuildConfiguration;
			buildSettings = {
				ALWAYS_SEARCH_USER_PATHS = NO;
				CLANG_ANALYZER_NONNULL = YES;
				CLANG_ANALYZER_NUMBER_OBJECT_CONVERSION = YES_AGGRESSIVE;
				CLANG_CXX_LANGUAGE_STANDARD = "gnu++20";
				CLANG_ENABLE_MODULES = YES;
				CLANG_ENABLE_OBJC_ARC = YES;
				CLANG_ENABLE_OBJC_WEAK = YES;
				CLANG_WARN_BLOCK_CAPTURE_AUTORELEASING = YES;
				CLANG_WARN_BOOL_CONVERSION = YES;
				CLANG_WARN_COMMA = YES;
				CLANG_WARN_CONSTANT_CONVERSION = YES;
				CLANG_WARN_DEPRECATED_OBJC_IMPLEMENTATIONS = YES;
				CLANG_WARN_DIRECT_OBJC_ISA_USAGE = YES_ERROR;
				CLANG_WARN_DOCUMENTATION_COMMENTS = YES;
				CLANG_WARN_EMPTY_BODY = YES;
				CLANG_WARN_ENUM_CONVERSION = YES;
				CLANG_WARN_INFINITE_RECURSION = YES;
				CLANG_WARN_INT_CONVERSION = YES;
				CLANG_WARN_NON_LITERAL_NULL_CONVERSION = YES;
				CLANG_WARN_OBJC_IMPLICIT_RETAIN_SELF = YES;
				CLANG_WARN_OBJC_LITERAL_CONVERSION = YES;
				CLANG_WARN_OBJC_ROOT_CLASS = YES_ERROR;
				CLANG_WARN_QUOTED_INCLUDE_IN_FRAMEWORK_HEADER = YES;
				CLANG_WARN_RANGE_LOOP_ANALYSIS = YES;
				CLANG_WARN_STRICT_PROTOTYPES = YES;
				CLANG_WARN_SUSPICIOUS_MOVE = YES;
				CLANG_WARN_UNGUARDED_AVAILABILITY = YES_AGGRESSIVE;
				CLANG_WARN_UNREACHABLE_CODE = YES;
				CLANG_WARN__DUPLICATE_METHOD_MATCH = YES;
				COPY_PHASE_STRIP = NO;
				DEBUG_INFORMATION_FORMAT = dwarf;
				ENABLE_STRICT_OBJC_MSGSEND = YES;
				ENABLE_TESTABILITY = YES;
				GCC_C_LANGUAGE_STANDARD = gnu11;
				GCC_DYNAMIC_NO_PIC = NO;
				GCC_NO_COMMON_BLOCKS = YES;
				GCC_OPTIMIZATION_LEVEL = 0;
				GCC_PREPROCESSOR_DEFINITIONS = (
					"DEBUG=1",
					"$(inherited)",
				);
				GCC_WARN_64_TO_32_BIT_CONVERSION = YES;
				GCC_WARN_ABOUT_RETURN_TYPE = YES_ERROR;
				GCC_WARN_UNDECLARED_SELECTOR = YES;
				GCC_WARN_UNINITIALIZED_AUTOS = YES_AGGRESSIVE;
				GCC_WARN_UNUSED_FUNCTION = YES;
				GCC_WARN_UNUSED_VARIABLE = YES;
				IPHONEOS_DEPLOYMENT_TARGET = 15.0;
				MTL_ENABLE_DEBUG_INFO = INCLUDE_SOURCE;
				MTL_FAST_MATH = YES;
				ONLY_ACTIVE_ARCH = YES;
				SDKROOT = iphoneos;
				SWIFT_ACTIVE_COMPILATION_CONDITIONS = DEBUG;
				SWIFT_OPTIMIZATION_LEVEL = "-Onone";
			};
			name = Debug;
		};
		E526DD582BF1ED030005447F /* Release */ = {
			isa = XCBuildConfiguration;
			buildSettings = {
				ALWAYS_SEARCH_USER_PATHS = NO;
				CLANG_ANALYZER_NONNULL = YES;
				CLANG_ANALYZER_NUMBER_OBJECT_CONVERSION = YES_AGGRESSIVE;
				CLANG_CXX_LANGUAGE_STANDARD = "gnu++20";
				CLANG_ENABLE_MODULES = YES;
				CLANG_ENABLE_OBJC_ARC = YES;
				CLANG_ENABLE_OBJC_WEAK = YES;
				CLANG_WARN_BLOCK_CAPTURE_AUTORELEASING = YES;
				CLANG_WARN_BOOL_CONVERSION = YES;
				CLANG_WARN_COMMA = YES;
				CLANG_WARN_CONSTANT_CONVERSION = YES;
				CLANG_WARN_DEPRECATED_OBJC_IMPLEMENTATIONS = YES;
				CLANG_WARN_DIRECT_OBJC_ISA_USAGE = YES_ERROR;
				CLANG_WARN_DOCUMENTATION_COMMENTS = YES;
				CLANG_WARN_EMPTY_BODY = YES;
				CLANG_WARN_ENUM_CONVERSION = YES;
				CLANG_WARN_INFINITE_RECURSION = YES;
				CLANG_WARN_INT_CONVERSION = YES;
				CLANG_WARN_NON_LITERAL_NULL_CONVERSION = YES;
				CLANG_WARN_OBJC_IMPLICIT_RETAIN_SELF = YES;
				CLANG_WARN_OBJC_LITERAL_CONVERSION = YES;
				CLANG_WARN_OBJC_ROOT_CLASS = YES_ERROR;
				CLANG_WARN_QUOTED_INCLUDE_IN_FRAMEWORK_HEADER = YES;
				CLANG_WARN_RANGE_LOOP_ANALYSIS = YES;
				CLANG_WARN_STRICT_PROTOTYPES = YES;
				CLANG_WARN_SUSPICIOUS_MOVE = YES;
				CLANG_WARN_UNGUARDED_AVAILABILITY = YES_AGGRESSIVE;
				CLANG_WARN_UNREACHABLE_CODE = YES;
				CLANG_WARN__DUPLICATE_METHOD_MATCH = YES;
				COPY_PHASE_STRIP = NO;
				DEBUG_INFORMATION_FORMAT = "dwarf-with-dsym";
				ENABLE_NS_ASSERTIONS = NO;
				ENABLE_STRICT_OBJC_MSGSEND = YES;
				GCC_C_LANGUAGE_STANDARD = gnu11;
				GCC_NO_COMMON_BLOCKS = YES;
				GCC_WARN_64_TO_32_BIT_CONVERSION = YES;
				GCC_WARN_ABOUT_RETURN_TYPE = YES_ERROR;
				GCC_WARN_UNDECLARED_SELECTOR = YES;
				GCC_WARN_UNINITIALIZED_AUTOS = YES_AGGRESSIVE;
				GCC_WARN_UNUSED_FUNCTION = YES;
				GCC_WARN_UNUSED_VARIABLE = YES;
				IPHONEOS_DEPLOYMENT_TARGET = 15.0;
				MTL_ENABLE_DEBUG_INFO = NO;
				MTL_FAST_MATH = YES;
				SDKROOT = iphoneos;
				SWIFT_COMPILATION_MODE = wholemodule;
				SWIFT_OPTIMIZATION_LEVEL = "-O";
				VALIDATE_PRODUCT = YES;
			};
			name = Release;
		};
		E526DD5A2BF1ED030005447F /* Debug */ = {
			isa = XCBuildConfiguration;
			baseConfigurationReference = E5F766EB2BF8EB8800B287E9 /* debug.xcconfig */;
			buildSettings = {
				ASSETCATALOG_COMPILER_APPICON_NAME = AppIcon;
				ASSETCATALOG_COMPILER_GLOBAL_ACCENT_COLOR_NAME = AccentColor;
				CODE_SIGN_IDENTITY = "Apple Development";
				CODE_SIGN_STYLE = Automatic;
				CURRENT_PROJECT_VERSION = 1;
				DEVELOPMENT_TEAM = "${DEVELOPMENT_TEAM}";
				GENERATE_INFOPLIST_FILE = YES;
				INFOPLIST_FILE = PhotoDiary/Info.plist;
				INFOPLIST_KEY_UIApplicationSupportsIndirectInputEvents = YES;
				INFOPLIST_KEY_UILaunchStoryboardName = LaunchScreen;
				INFOPLIST_KEY_UIMainStoryboardFile = "";
				INFOPLIST_KEY_UISupportedInterfaceOrientations_iPad = "UIInterfaceOrientationPortrait UIInterfaceOrientationPortraitUpsideDown UIInterfaceOrientationLandscapeLeft UIInterfaceOrientationLandscapeRight";
				INFOPLIST_KEY_UISupportedInterfaceOrientations_iPhone = "UIInterfaceOrientationPortrait UIInterfaceOrientationLandscapeLeft UIInterfaceOrientationLandscapeRight";
				LD_RUNPATH_SEARCH_PATHS = (
					"$(inherited)",
					"@executable_path/Frameworks",
				);
				MARKETING_VERSION = 1.0;
				PRODUCT_BUNDLE_IDENTIFIER = com.haewon.PhotoDiary;
				PRODUCT_NAME = "$(TARGET_NAME)";
				PROVISIONING_PROFILE_SPECIFIER = "";
				SWIFT_EMIT_LOC_STRINGS = YES;
				SWIFT_VERSION = 5.0;
				TARGETED_DEVICE_FAMILY = "1,2";
			};
			name = Debug;
		};
		E526DD5B2BF1ED030005447F /* Release */ = {
			isa = XCBuildConfiguration;
			baseConfigurationReference = 47B9C2AB97E8B727FA5E9154 /* Pods-PhotoDiary.release.xcconfig */;
			buildSettings = {
				ASSETCATALOG_COMPILER_APPICON_NAME = AppIcon;
				ASSETCATALOG_COMPILER_GLOBAL_ACCENT_COLOR_NAME = AccentColor;
				CODE_SIGN_IDENTITY = "Apple Development";
				CODE_SIGN_STYLE = Automatic;
				CURRENT_PROJECT_VERSION = 1;
				DEVELOPMENT_TEAM = "";
				GENERATE_INFOPLIST_FILE = YES;
				INFOPLIST_FILE = PhotoDiary/Info.plist;
				INFOPLIST_KEY_UIApplicationSupportsIndirectInputEvents = YES;
				INFOPLIST_KEY_UILaunchStoryboardName = LaunchScreen;
				INFOPLIST_KEY_UIMainStoryboardFile = "";
				INFOPLIST_KEY_UISupportedInterfaceOrientations_iPad = "UIInterfaceOrientationPortrait UIInterfaceOrientationPortraitUpsideDown UIInterfaceOrientationLandscapeLeft UIInterfaceOrientationLandscapeRight";
				INFOPLIST_KEY_UISupportedInterfaceOrientations_iPhone = "UIInterfaceOrientationPortrait UIInterfaceOrientationLandscapeLeft UIInterfaceOrientationLandscapeRight";
				LD_RUNPATH_SEARCH_PATHS = (
					"$(inherited)",
					"@executable_path/Frameworks",
				);
				MARKETING_VERSION = 1.0;
				PRODUCT_BUNDLE_IDENTIFIER = com.haewon.PhotoDiary;
				PRODUCT_NAME = "$(TARGET_NAME)";
				PROVISIONING_PROFILE_SPECIFIER = "";
				SWIFT_EMIT_LOC_STRINGS = YES;
				SWIFT_VERSION = 5.0;
				TARGETED_DEVICE_FAMILY = "1,2";
			};
			name = Release;
		};
/* End XCBuildConfiguration section */

/* Begin XCConfigurationList section */
		E526DD402BF1ED010005447F /* Build configuration list for PBXProject "PhotoDiary" */ = {
			isa = XCConfigurationList;
			buildConfigurations = (
				E526DD572BF1ED030005447F /* Debug */,
				E526DD582BF1ED030005447F /* Release */,
			);
			defaultConfigurationIsVisible = 0;
			defaultConfigurationName = Release;
		};
		E526DD592BF1ED030005447F /* Build configuration list for PBXNativeTarget "PhotoDiary" */ = {
			isa = XCConfigurationList;
			buildConfigurations = (
				E526DD5A2BF1ED030005447F /* Debug */,
				E526DD5B2BF1ED030005447F /* Release */,
			);
			defaultConfigurationIsVisible = 0;
			defaultConfigurationName = Release;
		};
/* End XCConfigurationList section */
	};
	rootObject = E526DD3D2BF1ED010005447F /* Project object */;
}
